
Microsoft Visual Studio Solution File, Format Version 12.00
# Visual Studio Version 16
VisualStudioVersion = 16.0.30804.86
MinimumVisualStudioVersion = 10.0.40219.1
Project("{8BC9CEB8-8B4A-11D0-8D11-00A0C91BC942}") = "poisson_solver", "poisson_solver.vcxproj", "{7FC9FAEC-6A0A-4018-A516-B81ECD29B077}"
EndProject
Global
	GlobalSection(SolutionConfigurationPlatforms) = preSolution
		Debug|x64 = Debug|x64
		Release|x64 = Release|x64
	EndGlobalSection
	GlobalSection(ProjectConfigurationPlatforms) = postSolution
		{7FC9FAEC-6A0A-4018-A516-B81ECD29B077}.Debug|x64.ActiveCfg = Debug|x64
		{7FC9FAEC-6A0A-4018-A516-B81ECD29B077}.Debug|x64.Build.0 = Debug|x64
		{7FC9FAEC-6A0A-4018-A516-B81ECD29B077}.Release|x64.ActiveCfg = Release|x64
		{7FC9FAEC-6A0A-4018-A516-B81ECD29B077}.Release|x64.Build.0 = Release|x64
	EndGlobalSection
	GlobalSection(SolutionProperties) = preSolution
		HideSolutionNode = FALSE
	EndGlobalSection
	GlobalSection(ExtensibilityGlobals) = postSolution
		SolutionGuid = {0BA7DE17-CE6C-4001-9063-539FC7963E22}
	EndGlobalSection
EndGlobal
